<?xml version="1.0" encoding="utf-8"?>
<Project ToolsVersion="4.0" xmlns="http://schemas.microsoft.com/developer/msbuild/2003">
  <ItemGroup>
    <ClCompile Include="main.cpp" />
    <ClCompile Include="Process.cpp" />
    <ClCompile Include="Scheduler.cpp" />
    <ClCompile Include="FCFS.cpp" />
    <ClCompile Include="RR.cpp" />
    <ClCompile Include="UI.cpp" />
    <ClCompile Include="SJF.cpp" />
  </ItemGroup>
  <ItemGroup>
    <ClInclude Include="Node.h" />
    <ClInclude Include="LinkedList.h" />
    <ClInclude Include="Process.h" />
    <ClInclude Include="Queue.h" />
    <ClInclude Include="Scheduler.h" />
    <ClInclude Include="Structs.h" />
    <ClInclude Include="FCFS.h" />
    <ClInclude Include="Processor.h" />
    <ClInclude Include="RR.h" />
    <ClInclude Include="MinHeap.h" />
    <ClInclude Include="UI.h" />
    <ClInclude Include="SJF.h" />
  </ItemGroup>
</Project>